
Microsoft Visual Studio Solution File, Format Version 12.00
# Visual Studio 14
VisualStudioVersion = 14.0.25420.1
MinimumVisualStudioVersion = 10.0.40219.1
Project("{FAE04EC0-301F-11D3-BF4B-00C04F79EFBC}") = "CardioMonitor", "CardioMonitor.csproj", "{DF144E7C-7975-4FE3-B925-3C2842E407D4}"
EndProject
Project("{FAE04EC0-301F-11D3-BF4B-00C04F79EFBC}") = "CardioMonitor.Models", "..\CardioMonitor.Models\CardioMonitor.Models.csproj", "{33247B5D-3763-4034-A97C-4C7922B04F9F}"
EndProject
Project("{2150E333-8FDC-42A3-9474-1A3956D46DE8}") = "Devices", "Devices", "{3785A7E4-5B35-4DEB-8598-A4941126F9F0}"
EndProject
Project("{FAE04EC0-301F-11D3-BF4B-00C04F79EFBC}") = "CardioMonitor.Devices.Monitor.Infrastructure", "..\CardioMonitor.Devices.Monitor.Abstract\CardioMonitor.Devices.Monitor.Infrastructure.csproj", "{E773219C-F1DA-42A3-8E80-68BEDAC3E4F8}"
EndProject
Project("{2150E333-8FDC-42A3-9474-1A3956D46DE8}") = "Monitor", "Monitor", "{7B5F4E41-2C23-40FE-BF2D-97DD957DA14C}"
EndProject
Project("{2150E333-8FDC-42A3-9474-1A3956D46DE8}") = "Bed", "Bed", "{5E743ABF-6E8E-4CE2-87F8-A851DC3F7906}"
EndProject
Project("{FAE04EC0-301F-11D3-BF4B-00C04F79EFBC}") = "CardioMonitor.Devices.Bed.Infrastructure", "CardioMonitor.Devices.Bed.Abstract\CardioMonitor.Devices.Bed.Infrastructure.csproj", "{BAE2B28A-93F6-40A9-852C-2BADD360E4FD}"
EndProject
Project("{FAE04EC0-301F-11D3-BF4B-00C04F79EFBC}") = "CardioMonitor.Devices", "CardioMonitor.Devices\CardioMonitor.Devices.csproj", "{C8EE2E87-12DD-43E4-BAB0-04E09DE9A651}"
EndProject
Global
	GlobalSection(SolutionConfigurationPlatforms) = preSolution
		Debug|Any CPU = Debug|Any CPU
		Release|Any CPU = Release|Any CPU
	EndGlobalSection
	GlobalSection(ProjectConfigurationPlatforms) = postSolution
		{DF144E7C-7975-4FE3-B925-3C2842E407D4}.Debug|Any CPU.ActiveCfg = Debug_No_Monitor|Any CPU
		{DF144E7C-7975-4FE3-B925-3C2842E407D4}.Debug|Any CPU.Build.0 = Debug_No_Monitor|Any CPU
		{DF144E7C-7975-4FE3-B925-3C2842E407D4}.Release|Any CPU.ActiveCfg = Release|Any CPU
		{DF144E7C-7975-4FE3-B925-3C2842E407D4}.Release|Any CPU.Build.0 = Release|Any CPU
		{33247B5D-3763-4034-A97C-4C7922B04F9F}.Debug|Any CPU.ActiveCfg = Debug|Any CPU
		{33247B5D-3763-4034-A97C-4C7922B04F9F}.Debug|Any CPU.Build.0 = Debug|Any CPU
		{33247B5D-3763-4034-A97C-4C7922B04F9F}.Release|Any CPU.ActiveCfg = Release|Any CPU
		{33247B5D-3763-4034-A97C-4C7922B04F9F}.Release|Any CPU.Build.0 = Release|Any CPU
		{E773219C-F1DA-42A3-8E80-68BEDAC3E4F8}.Debug|Any CPU.ActiveCfg = Debug|Any CPU
		{E773219C-F1DA-42A3-8E80-68BEDAC3E4F8}.Debug|Any CPU.Build.0 = Debug|Any CPU
		{E773219C-F1DA-42A3-8E80-68BEDAC3E4F8}.Release|Any CPU.ActiveCfg = Release|Any CPU
		{E773219C-F1DA-42A3-8E80-68BEDAC3E4F8}.Release|Any CPU.Build.0 = Release|Any CPU
		{BAE2B28A-93F6-40A9-852C-2BADD360E4FD}.Debug|Any CPU.ActiveCfg = Debug|Any CPU
		{BAE2B28A-93F6-40A9-852C-2BADD360E4FD}.Debug|Any CPU.Build.0 = Debug|Any CPU
		{BAE2B28A-93F6-40A9-852C-2BADD360E4FD}.Release|Any CPU.ActiveCfg = Release|Any CPU
		{BAE2B28A-93F6-40A9-852C-2BADD360E4FD}.Release|Any CPU.Build.0 = Release|Any CPU
		{C8EE2E87-12DD-43E4-BAB0-04E09DE9A651}.Debug|Any CPU.ActiveCfg = Debug|Any CPU
		{C8EE2E87-12DD-43E4-BAB0-04E09DE9A651}.Debug|Any CPU.Build.0 = Debug|Any CPU
		{C8EE2E87-12DD-43E4-BAB0-04E09DE9A651}.Release|Any CPU.ActiveCfg = Release|Any CPU
		{C8EE2E87-12DD-43E4-BAB0-04E09DE9A651}.Release|Any CPU.Build.0 = Release|Any CPU
	EndGlobalSection
	GlobalSection(SolutionProperties) = preSolution
		HideSolutionNode = FALSE
	EndGlobalSection
	GlobalSection(NestedProjects) = preSolution
		{E773219C-F1DA-42A3-8E80-68BEDAC3E4F8} = {7B5F4E41-2C23-40FE-BF2D-97DD957DA14C}
		{7B5F4E41-2C23-40FE-BF2D-97DD957DA14C} = {3785A7E4-5B35-4DEB-8598-A4941126F9F0}
		{5E743ABF-6E8E-4CE2-87F8-A851DC3F7906} = {3785A7E4-5B35-4DEB-8598-A4941126F9F0}
		{BAE2B28A-93F6-40A9-852C-2BADD360E4FD} = {5E743ABF-6E8E-4CE2-87F8-A851DC3F7906}
		{C8EE2E87-12DD-43E4-BAB0-04E09DE9A651} = {3785A7E4-5B35-4DEB-8598-A4941126F9F0}
	EndGlobalSection
EndGlobal
