
Microsoft Visual Studio Solution File, Format Version 12.00
# Visual Studio 14
VisualStudioVersion = 14.0.25420.1
MinimumVisualStudioVersion = 10.0.40219.1
Project("{2150E333-8FDC-42A3-9474-1A3956D46DE8}") = "Devices", "Devices", "{3785A7E4-5B35-4DEB-8598-A4941126F9F0}"
EndProject
Project("{2150E333-8FDC-42A3-9474-1A3956D46DE8}") = "Monitor", "Monitor", "{7B5F4E41-2C23-40FE-BF2D-97DD957DA14C}"
EndProject
Project("{2150E333-8FDC-42A3-9474-1A3956D46DE8}") = "Bed", "Bed", "{5E743ABF-6E8E-4CE2-87F8-A851DC3F7906}"
EndProject
Project("{2150E333-8FDC-42A3-9474-1A3956D46DE8}") = "App", "App", "{798F44A5-92AA-444E-BD91-8ED2B796F4FC}"
EndProject
Project("{2150E333-8FDC-42A3-9474-1A3956D46DE8}") = "src", "src", "{C808CFED-95D2-426B-A348-3BE15F38AD7B}"
EndProject
Project("{2150E333-8FDC-42A3-9474-1A3956D46DE8}") = "tests", "tests", "{63E2DC94-33E0-447B-936E-5AD5B4BA15D6}"
EndProject
Project("{2150E333-8FDC-42A3-9474-1A3956D46DE8}") = "Data", "Data", "{FFD5556A-B9B6-4799-969E-E53FCC804B4A}"
EndProject
Project("{2150E333-8FDC-42A3-9474-1A3956D46DE8}") = "BLL", "BLL", "{8F6753BC-36B1-4360-B3F2-8EE4506E78EE}"
EndProject
Project("{FAE04EC0-301F-11D3-BF4B-00C04F79EFBC}") = "CardioMonitor", "App\CardioMonitor\CardioMonitor.csproj", "{DF144E7C-7975-4FE3-B925-3C2842E407D4}"
EndProject
Project("{2150E333-8FDC-42A3-9474-1A3956D46DE8}") = "Infrastructure", "Infrastructure", "{950B6A1C-CFA8-49B9-81A9-398402EA1D17}"
EndProject
Project("{FAE04EC0-301F-11D3-BF4B-00C04F79EFBC}") = "CardioMonitor.BLL.CoreContracts", "BLL\CardioMonitor.Models\CardioMonitor.BLL.CoreContracts.csproj", "{33247B5D-3763-4034-A97C-4C7922B04F9F}"
EndProject
Project("{FAE04EC0-301F-11D3-BF4B-00C04F79EFBC}") = "CardioMonitor.Data.Ef", "Data\CardioMonitor.Data\CardioMonitor.Data.Ef.csproj", "{A7C10E0A-C0CC-4CAE-8AD4-3CD9E05528D7}"
EndProject
Project("{FAE04EC0-301F-11D3-BF4B-00C04F79EFBC}") = "CardioMonitor.Data.Common", "Data\CardioMonitor.Data.Common\CardioMonitor.Data.Common.csproj", "{41CE643F-8384-4DA5-ACE3-3DB97FFBF4EF}"
EndProject
Project("{FAE04EC0-301F-11D3-BF4B-00C04F79EFBC}") = "CardioMonitor.Devices.Bed.Infrastructure", "Devices\Bed\CardioMonitor.Devices.Bed.Abstract\CardioMonitor.Devices.Bed.Infrastructure.csproj", "{BAE2B28A-93F6-40A9-852C-2BADD360E4FD}"
EndProject
Project("{FAE04EC0-301F-11D3-BF4B-00C04F79EFBC}") = "CardioMonitor.Devices.Bed.Fake", "Devices\Bed\CardioMonitor.Devices.Bed.Fake\CardioMonitor.Devices.Bed.Fake.csproj", "{D72BA3E3-1055-4602-97DE-8A1C3555CCF7}"
EndProject
Project("{FAE04EC0-301F-11D3-BF4B-00C04F79EFBC}") = "CardioMonitor.Devices.Bed.UDP", "Devices\Bed\CardioMonitor.Devices.Bed.RJ\CardioMonitor.Devices.Bed.UDP.csproj", "{7B951BC1-B035-41AE-B43A-8DD69ADF51F3}"
EndProject
Project("{FAE04EC0-301F-11D3-BF4B-00C04F79EFBC}") = "CardioMonitor.Devices.Bed.Usb", "Devices\Bed\CardioMonitor.Devices.Bed.Usb\CardioMonitor.Devices.Bed.Usb.csproj", "{11C9D72E-FE6A-4186-BDBA-3232DFFB7CF8}"
EndProject
Project("{FAE04EC0-301F-11D3-BF4B-00C04F79EFBC}") = "CardioMonitor.Devices.Monitor", "Devices\Monitor\CardioMonitor.Devices.Monitor\CardioMonitor.Devices.Monitor.csproj", "{A14D3CF8-670B-47B2-BD4A-9B14F87A032E}"
EndProject
Project("{FAE04EC0-301F-11D3-BF4B-00C04F79EFBC}") = "CardioMonitor.Devices.Monitor.Fake", "Devices\Monitor\CardioMonitor.Devices.Monitor.Fake\CardioMonitor.Devices.Monitor.Fake.csproj", "{0CDD0798-75A2-400A-ADC1-8C2EDA709F1C}"
EndProject
Project("{FAE04EC0-301F-11D3-BF4B-00C04F79EFBC}") = "CardioMonitor.Devices.Monitor.Infrastructure", "Devices\Monitor\CardioMonitor.Devices.Monitor.Infrastructure\CardioMonitor.Devices.Monitor.Infrastructure.csproj", "{E773219C-F1DA-42A3-8E80-68BEDAC3E4F8}"
EndProject
Project("{FAE04EC0-301F-11D3-BF4B-00C04F79EFBC}") = "CardioMonitor.Devices", "Devices\CardioMonitor.Devices\CardioMonitor.Devices.csproj", "{C8EE2E87-12DD-43E4-BAB0-04E09DE9A651}"
EndProject
Project("{FAE04EC0-301F-11D3-BF4B-00C04F79EFBC}") = "CardioMonitor.Infrastructure", "Infrastructure\CardioMonitor.Infrastructure\CardioMonitor.Infrastructure.csproj", "{60422AEB-3748-4B0F-928E-689B1378A5EE}"
EndProject
Project("{FAE04EC0-301F-11D3-BF4B-00C04F79EFBC}") = "CardioMonitor.Data.Contracts", "Data\CardioMonitor.Data.Contracts\CardioMonitor.Data.Contracts.csproj", "{11907CDD-8176-4019-BD41-D6E524252688}"
EndProject
Project("{FAE04EC0-301F-11D3-BF4B-00C04F79EFBC}") = "CardioMonitor.BLL.CoreServices", "BLL\CardioMonitor.BLL.Services\CardioMonitor.BLL.CoreServices.csproj", "{C0D8F259-356C-449F-9AA8-D42E48BB517D}"
EndProject
Project("{FAE04EC0-301F-11D3-BF4B-00C04F79EFBC}") = "CardioMonitor.BLL.Mappers", "BLL\CardioMonitor.BLL.Mappers\CardioMonitor.BLL.Mappers.csproj", "{7B5C2E13-CDF5-4D29-B5F5-FA464B4EFFA8}"
EndProject
Project("{2150E333-8FDC-42A3-9474-1A3956D46DE8}") = "UnitTests", "UnitTests", "{A5037BBA-6297-4556-B2B9-F09E8989543C}"
EndProject
Project("{2150E333-8FDC-42A3-9474-1A3956D46DE8}") = "scrypts", "scrypts", "{467A2E62-1F73-4D37-8CF6-2E4A40F95272}"
	ProjectSection(SolutionItems) = preProject
		drop_all.sql = drop_all.sql
	EndProjectSection
EndProject
Project("{2150E333-8FDC-42A3-9474-1A3956D46DE8}") = "Integrations", "Integrations", "{5AA0AAFD-1B20-49A8-98FE-ED54808240D6}"
EndProject
Project("{FAE04EC0-301F-11D3-BF4B-00C04F79EFBC}") = "CardioMonitor.Data.EF.IntegrationsTests", "..\tests\IntegrationTests\CardioMonitor.Data.EF.IntegrationsTests\CardioMonitor.Data.EF.IntegrationsTests.csproj", "{30D57049-A4F5-4CA7-A5BD-DBD9FFAD5A64}"
EndProject
Global
	GlobalSection(SolutionConfigurationPlatforms) = preSolution
		Debug_Monitor|Any CPU = Debug_Monitor|Any CPU
		Debug_No_Monitor|Any CPU = Debug_No_Monitor|Any CPU
		Debug|Any CPU = Debug|Any CPU
		Release|Any CPU = Release|Any CPU
	EndGlobalSection
	GlobalSection(ProjectConfigurationPlatforms) = postSolution
		{DF144E7C-7975-4FE3-B925-3C2842E407D4}.Debug_Monitor|Any CPU.ActiveCfg = Debug_Monitor|Any CPU
		{DF144E7C-7975-4FE3-B925-3C2842E407D4}.Debug_Monitor|Any CPU.Build.0 = Debug_Monitor|Any CPU
		{DF144E7C-7975-4FE3-B925-3C2842E407D4}.Debug_No_Monitor|Any CPU.ActiveCfg = Debug_No_Monitor|Any CPU
		{DF144E7C-7975-4FE3-B925-3C2842E407D4}.Debug_No_Monitor|Any CPU.Build.0 = Debug_No_Monitor|Any CPU
		{DF144E7C-7975-4FE3-B925-3C2842E407D4}.Debug|Any CPU.ActiveCfg = Debug|Any CPU
		{DF144E7C-7975-4FE3-B925-3C2842E407D4}.Debug|Any CPU.Build.0 = Debug|Any CPU
		{DF144E7C-7975-4FE3-B925-3C2842E407D4}.Release|Any CPU.ActiveCfg = Release|Any CPU
		{DF144E7C-7975-4FE3-B925-3C2842E407D4}.Release|Any CPU.Build.0 = Release|Any CPU
		{33247B5D-3763-4034-A97C-4C7922B04F9F}.Debug_Monitor|Any CPU.ActiveCfg = Debug|Any CPU
		{33247B5D-3763-4034-A97C-4C7922B04F9F}.Debug_Monitor|Any CPU.Build.0 = Debug|Any CPU
		{33247B5D-3763-4034-A97C-4C7922B04F9F}.Debug_No_Monitor|Any CPU.ActiveCfg = Debug|Any CPU
		{33247B5D-3763-4034-A97C-4C7922B04F9F}.Debug_No_Monitor|Any CPU.Build.0 = Debug|Any CPU
		{33247B5D-3763-4034-A97C-4C7922B04F9F}.Debug|Any CPU.ActiveCfg = Debug|Any CPU
		{33247B5D-3763-4034-A97C-4C7922B04F9F}.Debug|Any CPU.Build.0 = Debug|Any CPU
		{33247B5D-3763-4034-A97C-4C7922B04F9F}.Release|Any CPU.ActiveCfg = Release|Any CPU
		{33247B5D-3763-4034-A97C-4C7922B04F9F}.Release|Any CPU.Build.0 = Release|Any CPU
		{A7C10E0A-C0CC-4CAE-8AD4-3CD9E05528D7}.Debug_Monitor|Any CPU.ActiveCfg = Debug|Any CPU
		{A7C10E0A-C0CC-4CAE-8AD4-3CD9E05528D7}.Debug_Monitor|Any CPU.Build.0 = Debug|Any CPU
		{A7C10E0A-C0CC-4CAE-8AD4-3CD9E05528D7}.Debug_No_Monitor|Any CPU.ActiveCfg = Debug|Any CPU
		{A7C10E0A-C0CC-4CAE-8AD4-3CD9E05528D7}.Debug_No_Monitor|Any CPU.Build.0 = Debug|Any CPU
		{A7C10E0A-C0CC-4CAE-8AD4-3CD9E05528D7}.Debug|Any CPU.ActiveCfg = Debug|Any CPU
		{A7C10E0A-C0CC-4CAE-8AD4-3CD9E05528D7}.Debug|Any CPU.Build.0 = Debug|Any CPU
		{A7C10E0A-C0CC-4CAE-8AD4-3CD9E05528D7}.Release|Any CPU.ActiveCfg = Release|Any CPU
		{A7C10E0A-C0CC-4CAE-8AD4-3CD9E05528D7}.Release|Any CPU.Build.0 = Release|Any CPU
		{41CE643F-8384-4DA5-ACE3-3DB97FFBF4EF}.Debug_Monitor|Any CPU.ActiveCfg = Debug|Any CPU
		{41CE643F-8384-4DA5-ACE3-3DB97FFBF4EF}.Debug_Monitor|Any CPU.Build.0 = Debug|Any CPU
		{41CE643F-8384-4DA5-ACE3-3DB97FFBF4EF}.Debug_No_Monitor|Any CPU.ActiveCfg = Debug|Any CPU
		{41CE643F-8384-4DA5-ACE3-3DB97FFBF4EF}.Debug_No_Monitor|Any CPU.Build.0 = Debug|Any CPU
		{41CE643F-8384-4DA5-ACE3-3DB97FFBF4EF}.Debug|Any CPU.ActiveCfg = Debug|Any CPU
		{41CE643F-8384-4DA5-ACE3-3DB97FFBF4EF}.Debug|Any CPU.Build.0 = Debug|Any CPU
		{41CE643F-8384-4DA5-ACE3-3DB97FFBF4EF}.Release|Any CPU.ActiveCfg = Release|Any CPU
		{41CE643F-8384-4DA5-ACE3-3DB97FFBF4EF}.Release|Any CPU.Build.0 = Release|Any CPU
		{BAE2B28A-93F6-40A9-852C-2BADD360E4FD}.Debug_Monitor|Any CPU.ActiveCfg = Debug|Any CPU
		{BAE2B28A-93F6-40A9-852C-2BADD360E4FD}.Debug_Monitor|Any CPU.Build.0 = Debug|Any CPU
		{BAE2B28A-93F6-40A9-852C-2BADD360E4FD}.Debug_No_Monitor|Any CPU.ActiveCfg = Debug|Any CPU
		{BAE2B28A-93F6-40A9-852C-2BADD360E4FD}.Debug_No_Monitor|Any CPU.Build.0 = Debug|Any CPU
		{BAE2B28A-93F6-40A9-852C-2BADD360E4FD}.Debug|Any CPU.ActiveCfg = Debug|Any CPU
		{BAE2B28A-93F6-40A9-852C-2BADD360E4FD}.Debug|Any CPU.Build.0 = Debug|Any CPU
		{BAE2B28A-93F6-40A9-852C-2BADD360E4FD}.Release|Any CPU.ActiveCfg = Release|Any CPU
		{BAE2B28A-93F6-40A9-852C-2BADD360E4FD}.Release|Any CPU.Build.0 = Release|Any CPU
		{D72BA3E3-1055-4602-97DE-8A1C3555CCF7}.Debug_Monitor|Any CPU.ActiveCfg = Debug|Any CPU
		{D72BA3E3-1055-4602-97DE-8A1C3555CCF7}.Debug_Monitor|Any CPU.Build.0 = Debug|Any CPU
		{D72BA3E3-1055-4602-97DE-8A1C3555CCF7}.Debug_No_Monitor|Any CPU.ActiveCfg = Debug|Any CPU
		{D72BA3E3-1055-4602-97DE-8A1C3555CCF7}.Debug_No_Monitor|Any CPU.Build.0 = Debug|Any CPU
		{D72BA3E3-1055-4602-97DE-8A1C3555CCF7}.Debug|Any CPU.ActiveCfg = Debug|Any CPU
		{D72BA3E3-1055-4602-97DE-8A1C3555CCF7}.Debug|Any CPU.Build.0 = Debug|Any CPU
		{D72BA3E3-1055-4602-97DE-8A1C3555CCF7}.Release|Any CPU.ActiveCfg = Release|Any CPU
		{D72BA3E3-1055-4602-97DE-8A1C3555CCF7}.Release|Any CPU.Build.0 = Release|Any CPU
		{7B951BC1-B035-41AE-B43A-8DD69ADF51F3}.Debug_Monitor|Any CPU.ActiveCfg = Debug|Any CPU
		{7B951BC1-B035-41AE-B43A-8DD69ADF51F3}.Debug_Monitor|Any CPU.Build.0 = Debug|Any CPU
		{7B951BC1-B035-41AE-B43A-8DD69ADF51F3}.Debug_No_Monitor|Any CPU.ActiveCfg = Debug|Any CPU
		{7B951BC1-B035-41AE-B43A-8DD69ADF51F3}.Debug_No_Monitor|Any CPU.Build.0 = Debug|Any CPU
		{7B951BC1-B035-41AE-B43A-8DD69ADF51F3}.Debug|Any CPU.ActiveCfg = Debug|Any CPU
		{7B951BC1-B035-41AE-B43A-8DD69ADF51F3}.Debug|Any CPU.Build.0 = Debug|Any CPU
		{7B951BC1-B035-41AE-B43A-8DD69ADF51F3}.Release|Any CPU.ActiveCfg = Release|Any CPU
		{7B951BC1-B035-41AE-B43A-8DD69ADF51F3}.Release|Any CPU.Build.0 = Release|Any CPU
		{11C9D72E-FE6A-4186-BDBA-3232DFFB7CF8}.Debug_Monitor|Any CPU.ActiveCfg = Debug|Any CPU
		{11C9D72E-FE6A-4186-BDBA-3232DFFB7CF8}.Debug_Monitor|Any CPU.Build.0 = Debug|Any CPU
		{11C9D72E-FE6A-4186-BDBA-3232DFFB7CF8}.Debug_No_Monitor|Any CPU.ActiveCfg = Debug|Any CPU
		{11C9D72E-FE6A-4186-BDBA-3232DFFB7CF8}.Debug_No_Monitor|Any CPU.Build.0 = Debug|Any CPU
		{11C9D72E-FE6A-4186-BDBA-3232DFFB7CF8}.Debug|Any CPU.ActiveCfg = Debug|Any CPU
		{11C9D72E-FE6A-4186-BDBA-3232DFFB7CF8}.Debug|Any CPU.Build.0 = Debug|Any CPU
		{11C9D72E-FE6A-4186-BDBA-3232DFFB7CF8}.Release|Any CPU.ActiveCfg = Release|Any CPU
		{11C9D72E-FE6A-4186-BDBA-3232DFFB7CF8}.Release|Any CPU.Build.0 = Release|Any CPU
		{A14D3CF8-670B-47B2-BD4A-9B14F87A032E}.Debug_Monitor|Any CPU.ActiveCfg = Debug|Any CPU
		{A14D3CF8-670B-47B2-BD4A-9B14F87A032E}.Debug_Monitor|Any CPU.Build.0 = Debug|Any CPU
		{A14D3CF8-670B-47B2-BD4A-9B14F87A032E}.Debug_No_Monitor|Any CPU.ActiveCfg = Debug|Any CPU
		{A14D3CF8-670B-47B2-BD4A-9B14F87A032E}.Debug_No_Monitor|Any CPU.Build.0 = Debug|Any CPU
		{A14D3CF8-670B-47B2-BD4A-9B14F87A032E}.Debug|Any CPU.ActiveCfg = Debug|Any CPU
		{A14D3CF8-670B-47B2-BD4A-9B14F87A032E}.Debug|Any CPU.Build.0 = Debug|Any CPU
		{A14D3CF8-670B-47B2-BD4A-9B14F87A032E}.Release|Any CPU.ActiveCfg = Release|Any CPU
		{A14D3CF8-670B-47B2-BD4A-9B14F87A032E}.Release|Any CPU.Build.0 = Release|Any CPU
		{0CDD0798-75A2-400A-ADC1-8C2EDA709F1C}.Debug_Monitor|Any CPU.ActiveCfg = Debug|Any CPU
		{0CDD0798-75A2-400A-ADC1-8C2EDA709F1C}.Debug_Monitor|Any CPU.Build.0 = Debug|Any CPU
		{0CDD0798-75A2-400A-ADC1-8C2EDA709F1C}.Debug_No_Monitor|Any CPU.ActiveCfg = Debug|Any CPU
		{0CDD0798-75A2-400A-ADC1-8C2EDA709F1C}.Debug_No_Monitor|Any CPU.Build.0 = Debug|Any CPU
		{0CDD0798-75A2-400A-ADC1-8C2EDA709F1C}.Debug|Any CPU.ActiveCfg = Debug|Any CPU
		{0CDD0798-75A2-400A-ADC1-8C2EDA709F1C}.Debug|Any CPU.Build.0 = Debug|Any CPU
		{0CDD0798-75A2-400A-ADC1-8C2EDA709F1C}.Release|Any CPU.ActiveCfg = Release|Any CPU
		{0CDD0798-75A2-400A-ADC1-8C2EDA709F1C}.Release|Any CPU.Build.0 = Release|Any CPU
		{E773219C-F1DA-42A3-8E80-68BEDAC3E4F8}.Debug_Monitor|Any CPU.ActiveCfg = Debug|Any CPU
		{E773219C-F1DA-42A3-8E80-68BEDAC3E4F8}.Debug_Monitor|Any CPU.Build.0 = Debug|Any CPU
		{E773219C-F1DA-42A3-8E80-68BEDAC3E4F8}.Debug_No_Monitor|Any CPU.ActiveCfg = Debug|Any CPU
		{E773219C-F1DA-42A3-8E80-68BEDAC3E4F8}.Debug_No_Monitor|Any CPU.Build.0 = Debug|Any CPU
		{E773219C-F1DA-42A3-8E80-68BEDAC3E4F8}.Debug|Any CPU.ActiveCfg = Debug|Any CPU
		{E773219C-F1DA-42A3-8E80-68BEDAC3E4F8}.Debug|Any CPU.Build.0 = Debug|Any CPU
		{E773219C-F1DA-42A3-8E80-68BEDAC3E4F8}.Release|Any CPU.ActiveCfg = Release|Any CPU
		{E773219C-F1DA-42A3-8E80-68BEDAC3E4F8}.Release|Any CPU.Build.0 = Release|Any CPU
		{C8EE2E87-12DD-43E4-BAB0-04E09DE9A651}.Debug_Monitor|Any CPU.ActiveCfg = Debug|Any CPU
		{C8EE2E87-12DD-43E4-BAB0-04E09DE9A651}.Debug_Monitor|Any CPU.Build.0 = Debug|Any CPU
		{C8EE2E87-12DD-43E4-BAB0-04E09DE9A651}.Debug_No_Monitor|Any CPU.ActiveCfg = Debug|Any CPU
		{C8EE2E87-12DD-43E4-BAB0-04E09DE9A651}.Debug_No_Monitor|Any CPU.Build.0 = Debug|Any CPU
		{C8EE2E87-12DD-43E4-BAB0-04E09DE9A651}.Debug|Any CPU.ActiveCfg = Debug|Any CPU
		{C8EE2E87-12DD-43E4-BAB0-04E09DE9A651}.Debug|Any CPU.Build.0 = Debug|Any CPU
		{C8EE2E87-12DD-43E4-BAB0-04E09DE9A651}.Release|Any CPU.ActiveCfg = Release|Any CPU
		{C8EE2E87-12DD-43E4-BAB0-04E09DE9A651}.Release|Any CPU.Build.0 = Release|Any CPU
		{60422AEB-3748-4B0F-928E-689B1378A5EE}.Debug_Monitor|Any CPU.ActiveCfg = Debug|Any CPU
		{60422AEB-3748-4B0F-928E-689B1378A5EE}.Debug_Monitor|Any CPU.Build.0 = Debug|Any CPU
		{60422AEB-3748-4B0F-928E-689B1378A5EE}.Debug_No_Monitor|Any CPU.ActiveCfg = Debug|Any CPU
		{60422AEB-3748-4B0F-928E-689B1378A5EE}.Debug_No_Monitor|Any CPU.Build.0 = Debug|Any CPU
		{60422AEB-3748-4B0F-928E-689B1378A5EE}.Debug|Any CPU.ActiveCfg = Debug|Any CPU
		{60422AEB-3748-4B0F-928E-689B1378A5EE}.Debug|Any CPU.Build.0 = Debug|Any CPU
		{60422AEB-3748-4B0F-928E-689B1378A5EE}.Release|Any CPU.ActiveCfg = Release|Any CPU
		{60422AEB-3748-4B0F-928E-689B1378A5EE}.Release|Any CPU.Build.0 = Release|Any CPU
		{11907CDD-8176-4019-BD41-D6E524252688}.Debug_Monitor|Any CPU.ActiveCfg = Debug|Any CPU
		{11907CDD-8176-4019-BD41-D6E524252688}.Debug_Monitor|Any CPU.Build.0 = Debug|Any CPU
		{11907CDD-8176-4019-BD41-D6E524252688}.Debug_No_Monitor|Any CPU.ActiveCfg = Debug|Any CPU
		{11907CDD-8176-4019-BD41-D6E524252688}.Debug_No_Monitor|Any CPU.Build.0 = Debug|Any CPU
		{11907CDD-8176-4019-BD41-D6E524252688}.Debug|Any CPU.ActiveCfg = Debug|Any CPU
		{11907CDD-8176-4019-BD41-D6E524252688}.Debug|Any CPU.Build.0 = Debug|Any CPU
		{11907CDD-8176-4019-BD41-D6E524252688}.Release|Any CPU.ActiveCfg = Release|Any CPU
		{11907CDD-8176-4019-BD41-D6E524252688}.Release|Any CPU.Build.0 = Release|Any CPU
		{C0D8F259-356C-449F-9AA8-D42E48BB517D}.Debug_Monitor|Any CPU.ActiveCfg = Debug|Any CPU
		{C0D8F259-356C-449F-9AA8-D42E48BB517D}.Debug_Monitor|Any CPU.Build.0 = Debug|Any CPU
		{C0D8F259-356C-449F-9AA8-D42E48BB517D}.Debug_No_Monitor|Any CPU.ActiveCfg = Debug|Any CPU
		{C0D8F259-356C-449F-9AA8-D42E48BB517D}.Debug_No_Monitor|Any CPU.Build.0 = Debug|Any CPU
		{C0D8F259-356C-449F-9AA8-D42E48BB517D}.Debug|Any CPU.ActiveCfg = Debug|Any CPU
		{C0D8F259-356C-449F-9AA8-D42E48BB517D}.Debug|Any CPU.Build.0 = Debug|Any CPU
		{C0D8F259-356C-449F-9AA8-D42E48BB517D}.Release|Any CPU.ActiveCfg = Release|Any CPU
		{C0D8F259-356C-449F-9AA8-D42E48BB517D}.Release|Any CPU.Build.0 = Release|Any CPU
		{7B5C2E13-CDF5-4D29-B5F5-FA464B4EFFA8}.Debug_Monitor|Any CPU.ActiveCfg = Debug|Any CPU
		{7B5C2E13-CDF5-4D29-B5F5-FA464B4EFFA8}.Debug_Monitor|Any CPU.Build.0 = Debug|Any CPU
		{7B5C2E13-CDF5-4D29-B5F5-FA464B4EFFA8}.Debug_No_Monitor|Any CPU.ActiveCfg = Debug|Any CPU
		{7B5C2E13-CDF5-4D29-B5F5-FA464B4EFFA8}.Debug_No_Monitor|Any CPU.Build.0 = Debug|Any CPU
		{7B5C2E13-CDF5-4D29-B5F5-FA464B4EFFA8}.Debug|Any CPU.ActiveCfg = Debug|Any CPU
		{7B5C2E13-CDF5-4D29-B5F5-FA464B4EFFA8}.Debug|Any CPU.Build.0 = Debug|Any CPU
		{7B5C2E13-CDF5-4D29-B5F5-FA464B4EFFA8}.Release|Any CPU.ActiveCfg = Release|Any CPU
		{7B5C2E13-CDF5-4D29-B5F5-FA464B4EFFA8}.Release|Any CPU.Build.0 = Release|Any CPU
		{30D57049-A4F5-4CA7-A5BD-DBD9FFAD5A64}.Debug_Monitor|Any CPU.ActiveCfg = Debug|Any CPU
		{30D57049-A4F5-4CA7-A5BD-DBD9FFAD5A64}.Debug_Monitor|Any CPU.Build.0 = Debug|Any CPU
		{30D57049-A4F5-4CA7-A5BD-DBD9FFAD5A64}.Debug_No_Monitor|Any CPU.ActiveCfg = Debug|Any CPU
		{30D57049-A4F5-4CA7-A5BD-DBD9FFAD5A64}.Debug_No_Monitor|Any CPU.Build.0 = Debug|Any CPU
		{30D57049-A4F5-4CA7-A5BD-DBD9FFAD5A64}.Debug|Any CPU.ActiveCfg = Debug|Any CPU
		{30D57049-A4F5-4CA7-A5BD-DBD9FFAD5A64}.Debug|Any CPU.Build.0 = Debug|Any CPU
		{30D57049-A4F5-4CA7-A5BD-DBD9FFAD5A64}.Release|Any CPU.ActiveCfg = Release|Any CPU
		{30D57049-A4F5-4CA7-A5BD-DBD9FFAD5A64}.Release|Any CPU.Build.0 = Release|Any CPU
	EndGlobalSection
	GlobalSection(SolutionProperties) = preSolution
		HideSolutionNode = FALSE
	EndGlobalSection
	GlobalSection(NestedProjects) = preSolution
		{3785A7E4-5B35-4DEB-8598-A4941126F9F0} = {C808CFED-95D2-426B-A348-3BE15F38AD7B}
		{7B5F4E41-2C23-40FE-BF2D-97DD957DA14C} = {3785A7E4-5B35-4DEB-8598-A4941126F9F0}
		{5E743ABF-6E8E-4CE2-87F8-A851DC3F7906} = {3785A7E4-5B35-4DEB-8598-A4941126F9F0}
		{798F44A5-92AA-444E-BD91-8ED2B796F4FC} = {C808CFED-95D2-426B-A348-3BE15F38AD7B}
		{FFD5556A-B9B6-4799-969E-E53FCC804B4A} = {C808CFED-95D2-426B-A348-3BE15F38AD7B}
		{8F6753BC-36B1-4360-B3F2-8EE4506E78EE} = {C808CFED-95D2-426B-A348-3BE15F38AD7B}
		{DF144E7C-7975-4FE3-B925-3C2842E407D4} = {798F44A5-92AA-444E-BD91-8ED2B796F4FC}
		{950B6A1C-CFA8-49B9-81A9-398402EA1D17} = {C808CFED-95D2-426B-A348-3BE15F38AD7B}
		{33247B5D-3763-4034-A97C-4C7922B04F9F} = {8F6753BC-36B1-4360-B3F2-8EE4506E78EE}
		{A7C10E0A-C0CC-4CAE-8AD4-3CD9E05528D7} = {FFD5556A-B9B6-4799-969E-E53FCC804B4A}
		{41CE643F-8384-4DA5-ACE3-3DB97FFBF4EF} = {FFD5556A-B9B6-4799-969E-E53FCC804B4A}
		{BAE2B28A-93F6-40A9-852C-2BADD360E4FD} = {5E743ABF-6E8E-4CE2-87F8-A851DC3F7906}
		{D72BA3E3-1055-4602-97DE-8A1C3555CCF7} = {5E743ABF-6E8E-4CE2-87F8-A851DC3F7906}
		{7B951BC1-B035-41AE-B43A-8DD69ADF51F3} = {5E743ABF-6E8E-4CE2-87F8-A851DC3F7906}
		{11C9D72E-FE6A-4186-BDBA-3232DFFB7CF8} = {5E743ABF-6E8E-4CE2-87F8-A851DC3F7906}
		{A14D3CF8-670B-47B2-BD4A-9B14F87A032E} = {7B5F4E41-2C23-40FE-BF2D-97DD957DA14C}
		{0CDD0798-75A2-400A-ADC1-8C2EDA709F1C} = {7B5F4E41-2C23-40FE-BF2D-97DD957DA14C}
		{E773219C-F1DA-42A3-8E80-68BEDAC3E4F8} = {7B5F4E41-2C23-40FE-BF2D-97DD957DA14C}
		{C8EE2E87-12DD-43E4-BAB0-04E09DE9A651} = {3785A7E4-5B35-4DEB-8598-A4941126F9F0}
		{60422AEB-3748-4B0F-928E-689B1378A5EE} = {950B6A1C-CFA8-49B9-81A9-398402EA1D17}
		{11907CDD-8176-4019-BD41-D6E524252688} = {FFD5556A-B9B6-4799-969E-E53FCC804B4A}
		{C0D8F259-356C-449F-9AA8-D42E48BB517D} = {8F6753BC-36B1-4360-B3F2-8EE4506E78EE}
		{7B5C2E13-CDF5-4D29-B5F5-FA464B4EFFA8} = {8F6753BC-36B1-4360-B3F2-8EE4506E78EE}
		{A5037BBA-6297-4556-B2B9-F09E8989543C} = {63E2DC94-33E0-447B-936E-5AD5B4BA15D6}
		{5AA0AAFD-1B20-49A8-98FE-ED54808240D6} = {63E2DC94-33E0-447B-936E-5AD5B4BA15D6}
		{30D57049-A4F5-4CA7-A5BD-DBD9FFAD5A64} = {5AA0AAFD-1B20-49A8-98FE-ED54808240D6}
	EndGlobalSection
EndGlobal
