
Microsoft Visual Studio Solution File, Format Version 12.00
# Visual Studio 14
VisualStudioVersion = 14.0.25420.1
MinimumVisualStudioVersion = 10.0.40219.1
Project("{2150E333-8FDC-42A3-9474-1A3956D46DE8}") = "Devices", "Devices", "{3785A7E4-5B35-4DEB-8598-A4941126F9F0}"
EndProject
Project("{2150E333-8FDC-42A3-9474-1A3956D46DE8}") = "Monitor", "Monitor", "{7B5F4E41-2C23-40FE-BF2D-97DD957DA14C}"
EndProject
Project("{2150E333-8FDC-42A3-9474-1A3956D46DE8}") = "Bed", "Bed", "{5E743ABF-6E8E-4CE2-87F8-A851DC3F7906}"
EndProject
Project("{FAE04EC0-301F-11D3-BF4B-00C04F79EFBC}") = "CardioMonitor.Devices.Bed.Infrastructure", "CardioMonitor.Devices.Bed.Abstract\CardioMonitor.Devices.Bed.Infrastructure.csproj", "{BAE2B28A-93F6-40A9-852C-2BADD360E4FD}"
EndProject
Project("{FAE04EC0-301F-11D3-BF4B-00C04F79EFBC}") = "CardioMonitor.Devices", "CardioMonitor.Devices\CardioMonitor.Devices.csproj", "{C8EE2E87-12DD-43E4-BAB0-04E09DE9A651}"
EndProject
Project("{FAE04EC0-301F-11D3-BF4B-00C04F79EFBC}") = "CardioMonitor.Devices.Bed.Usb", "CardioMonitor.Devices.Bed.Usb\CardioMonitor.Devices.Bed.Usb.csproj", "{11C9D72E-FE6A-4186-BDBA-3232DFFB7CF8}"
EndProject
Project("{FAE04EC0-301F-11D3-BF4B-00C04F79EFBC}") = "CardioMonitor.Devices.Bed.RJ", "CardioMonitor.Devices.Bed.RJ\CardioMonitor.Devices.Bed.RJ.csproj", "{7B951BC1-B035-41AE-B43A-8DD69ADF51F3}"
EndProject
Project("{FAE04EC0-301F-11D3-BF4B-00C04F79EFBC}") = "CardioMonitor.Devices.Bed.Fake", "CardioMonitor.Devices.Bed.Fake\CardioMonitor.Devices.Bed.Fake.csproj", "{D72BA3E3-1055-4602-97DE-8A1C3555CCF7}"
EndProject
Project("{FAE04EC0-301F-11D3-BF4B-00C04F79EFBC}") = "CardioMonitor.Devices.Monitor.Fake", "CardioMonitor.Devices.Monitor.Fake\CardioMonitor.Devices.Monitor.Fake.csproj", "{0CDD0798-75A2-400A-ADC1-8C2EDA709F1C}"
EndProject
Project("{FAE04EC0-301F-11D3-BF4B-00C04F79EFBC}") = "CardioMonitor.Devices.Monitor.Infrastructure", "CardioMonitor.Devices.Monitor.Infrastructure\CardioMonitor.Devices.Monitor.Infrastructure.csproj", "{E773219C-F1DA-42A3-8E80-68BEDAC3E4F8}"
EndProject
Project("{FAE04EC0-301F-11D3-BF4B-00C04F79EFBC}") = "CardioMonitor", "CardioMonitor\CardioMonitor.csproj", "{DF144E7C-7975-4FE3-B925-3C2842E407D4}"
EndProject
Project("{FAE04EC0-301F-11D3-BF4B-00C04F79EFBC}") = "CardioMonitor.Models", "CardioMonitor.Models\CardioMonitor.Models.csproj", "{33247B5D-3763-4034-A97C-4C7922B04F9F}"
EndProject
Project("{FAE04EC0-301F-11D3-BF4B-00C04F79EFBC}") = "CardioMonitor.Devices.Monitor", "CardioMonitor.Devices.Monitor\CardioMonitor.Devices.Monitor.csproj", "{A14D3CF8-670B-47B2-BD4A-9B14F87A032E}"
EndProject
Project("{FAE04EC0-301F-11D3-BF4B-00C04F79EFBC}") = "CardioMonitor.Infrastructure", "CardioMonitor.Infrastructure\CardioMonitor.Infrastructure.csproj", "{60422AEB-3748-4B0F-928E-689B1378A5EE}"
EndProject
Project("{2150E333-8FDC-42A3-9474-1A3956D46DE8}") = "App", "App", "{798F44A5-92AA-444E-BD91-8ED2B796F4FC}"
EndProject
Project("{FAE04EC0-301F-11D3-BF4B-00C04F79EFBC}") = "CardioMonitor.Data.Ef", "CardioMonitor.Data\CardioMonitor.Data.Ef.csproj", "{A7C10E0A-C0CC-4CAE-8AD4-3CD9E05528D7}"
EndProject
Project("{FAE04EC0-301F-11D3-BF4B-00C04F79EFBC}") = "CardioMonitor.Data.Common", "CardioMonitor.Data.Abstract\CardioMonitor.Data.Common.csproj", "{41CE643F-8384-4DA5-ACE3-3DB97FFBF4EF}"
EndProject
Global
	GlobalSection(SolutionConfigurationPlatforms) = preSolution
		Debug_Monitor|Any CPU = Debug_Monitor|Any CPU
		Debug_No_Monitor|Any CPU = Debug_No_Monitor|Any CPU
		Debug|Any CPU = Debug|Any CPU
		Release|Any CPU = Release|Any CPU
	EndGlobalSection
	GlobalSection(ProjectConfigurationPlatforms) = postSolution
		{BAE2B28A-93F6-40A9-852C-2BADD360E4FD}.Debug_Monitor|Any CPU.ActiveCfg = Debug|Any CPU
		{BAE2B28A-93F6-40A9-852C-2BADD360E4FD}.Debug_Monitor|Any CPU.Build.0 = Debug|Any CPU
		{BAE2B28A-93F6-40A9-852C-2BADD360E4FD}.Debug_No_Monitor|Any CPU.ActiveCfg = Debug|Any CPU
		{BAE2B28A-93F6-40A9-852C-2BADD360E4FD}.Debug_No_Monitor|Any CPU.Build.0 = Debug|Any CPU
		{BAE2B28A-93F6-40A9-852C-2BADD360E4FD}.Debug|Any CPU.ActiveCfg = Debug|Any CPU
		{BAE2B28A-93F6-40A9-852C-2BADD360E4FD}.Debug|Any CPU.Build.0 = Debug|Any CPU
		{BAE2B28A-93F6-40A9-852C-2BADD360E4FD}.Release|Any CPU.ActiveCfg = Release|Any CPU
		{BAE2B28A-93F6-40A9-852C-2BADD360E4FD}.Release|Any CPU.Build.0 = Release|Any CPU
		{C8EE2E87-12DD-43E4-BAB0-04E09DE9A651}.Debug_Monitor|Any CPU.ActiveCfg = Debug|Any CPU
		{C8EE2E87-12DD-43E4-BAB0-04E09DE9A651}.Debug_Monitor|Any CPU.Build.0 = Debug|Any CPU
		{C8EE2E87-12DD-43E4-BAB0-04E09DE9A651}.Debug_No_Monitor|Any CPU.ActiveCfg = Debug|Any CPU
		{C8EE2E87-12DD-43E4-BAB0-04E09DE9A651}.Debug_No_Monitor|Any CPU.Build.0 = Debug|Any CPU
		{C8EE2E87-12DD-43E4-BAB0-04E09DE9A651}.Debug|Any CPU.ActiveCfg = Debug|Any CPU
		{C8EE2E87-12DD-43E4-BAB0-04E09DE9A651}.Debug|Any CPU.Build.0 = Debug|Any CPU
		{C8EE2E87-12DD-43E4-BAB0-04E09DE9A651}.Release|Any CPU.ActiveCfg = Release|Any CPU
		{C8EE2E87-12DD-43E4-BAB0-04E09DE9A651}.Release|Any CPU.Build.0 = Release|Any CPU
		{11C9D72E-FE6A-4186-BDBA-3232DFFB7CF8}.Debug_Monitor|Any CPU.ActiveCfg = Debug|Any CPU
		{11C9D72E-FE6A-4186-BDBA-3232DFFB7CF8}.Debug_Monitor|Any CPU.Build.0 = Debug|Any CPU
		{11C9D72E-FE6A-4186-BDBA-3232DFFB7CF8}.Debug_No_Monitor|Any CPU.ActiveCfg = Debug|Any CPU
		{11C9D72E-FE6A-4186-BDBA-3232DFFB7CF8}.Debug_No_Monitor|Any CPU.Build.0 = Debug|Any CPU
		{11C9D72E-FE6A-4186-BDBA-3232DFFB7CF8}.Debug|Any CPU.ActiveCfg = Debug|Any CPU
		{11C9D72E-FE6A-4186-BDBA-3232DFFB7CF8}.Debug|Any CPU.Build.0 = Debug|Any CPU
		{11C9D72E-FE6A-4186-BDBA-3232DFFB7CF8}.Release|Any CPU.ActiveCfg = Release|Any CPU
		{11C9D72E-FE6A-4186-BDBA-3232DFFB7CF8}.Release|Any CPU.Build.0 = Release|Any CPU
		{7B951BC1-B035-41AE-B43A-8DD69ADF51F3}.Debug_Monitor|Any CPU.ActiveCfg = Debug|Any CPU
		{7B951BC1-B035-41AE-B43A-8DD69ADF51F3}.Debug_Monitor|Any CPU.Build.0 = Debug|Any CPU
		{7B951BC1-B035-41AE-B43A-8DD69ADF51F3}.Debug_No_Monitor|Any CPU.ActiveCfg = Debug|Any CPU
		{7B951BC1-B035-41AE-B43A-8DD69ADF51F3}.Debug_No_Monitor|Any CPU.Build.0 = Debug|Any CPU
		{7B951BC1-B035-41AE-B43A-8DD69ADF51F3}.Debug|Any CPU.ActiveCfg = Debug|Any CPU
		{7B951BC1-B035-41AE-B43A-8DD69ADF51F3}.Debug|Any CPU.Build.0 = Debug|Any CPU
		{7B951BC1-B035-41AE-B43A-8DD69ADF51F3}.Release|Any CPU.ActiveCfg = Release|Any CPU
		{7B951BC1-B035-41AE-B43A-8DD69ADF51F3}.Release|Any CPU.Build.0 = Release|Any CPU
		{D72BA3E3-1055-4602-97DE-8A1C3555CCF7}.Debug_Monitor|Any CPU.ActiveCfg = Debug|Any CPU
		{D72BA3E3-1055-4602-97DE-8A1C3555CCF7}.Debug_Monitor|Any CPU.Build.0 = Debug|Any CPU
		{D72BA3E3-1055-4602-97DE-8A1C3555CCF7}.Debug_No_Monitor|Any CPU.ActiveCfg = Debug|Any CPU
		{D72BA3E3-1055-4602-97DE-8A1C3555CCF7}.Debug_No_Monitor|Any CPU.Build.0 = Debug|Any CPU
		{D72BA3E3-1055-4602-97DE-8A1C3555CCF7}.Debug|Any CPU.ActiveCfg = Debug|Any CPU
		{D72BA3E3-1055-4602-97DE-8A1C3555CCF7}.Debug|Any CPU.Build.0 = Debug|Any CPU
		{D72BA3E3-1055-4602-97DE-8A1C3555CCF7}.Release|Any CPU.ActiveCfg = Release|Any CPU
		{D72BA3E3-1055-4602-97DE-8A1C3555CCF7}.Release|Any CPU.Build.0 = Release|Any CPU
		{0CDD0798-75A2-400A-ADC1-8C2EDA709F1C}.Debug_Monitor|Any CPU.ActiveCfg = Debug|Any CPU
		{0CDD0798-75A2-400A-ADC1-8C2EDA709F1C}.Debug_Monitor|Any CPU.Build.0 = Debug|Any CPU
		{0CDD0798-75A2-400A-ADC1-8C2EDA709F1C}.Debug_No_Monitor|Any CPU.ActiveCfg = Debug|Any CPU
		{0CDD0798-75A2-400A-ADC1-8C2EDA709F1C}.Debug_No_Monitor|Any CPU.Build.0 = Debug|Any CPU
		{0CDD0798-75A2-400A-ADC1-8C2EDA709F1C}.Debug|Any CPU.ActiveCfg = Debug|Any CPU
		{0CDD0798-75A2-400A-ADC1-8C2EDA709F1C}.Debug|Any CPU.Build.0 = Debug|Any CPU
		{0CDD0798-75A2-400A-ADC1-8C2EDA709F1C}.Release|Any CPU.ActiveCfg = Release|Any CPU
		{0CDD0798-75A2-400A-ADC1-8C2EDA709F1C}.Release|Any CPU.Build.0 = Release|Any CPU
		{E773219C-F1DA-42A3-8E80-68BEDAC3E4F8}.Debug_Monitor|Any CPU.ActiveCfg = Debug|Any CPU
		{E773219C-F1DA-42A3-8E80-68BEDAC3E4F8}.Debug_Monitor|Any CPU.Build.0 = Debug|Any CPU
		{E773219C-F1DA-42A3-8E80-68BEDAC3E4F8}.Debug_No_Monitor|Any CPU.ActiveCfg = Debug|Any CPU
		{E773219C-F1DA-42A3-8E80-68BEDAC3E4F8}.Debug_No_Monitor|Any CPU.Build.0 = Debug|Any CPU
		{E773219C-F1DA-42A3-8E80-68BEDAC3E4F8}.Debug|Any CPU.ActiveCfg = Debug|Any CPU
		{E773219C-F1DA-42A3-8E80-68BEDAC3E4F8}.Debug|Any CPU.Build.0 = Debug|Any CPU
		{E773219C-F1DA-42A3-8E80-68BEDAC3E4F8}.Release|Any CPU.ActiveCfg = Release|Any CPU
		{E773219C-F1DA-42A3-8E80-68BEDAC3E4F8}.Release|Any CPU.Build.0 = Release|Any CPU
		{DF144E7C-7975-4FE3-B925-3C2842E407D4}.Debug_Monitor|Any CPU.ActiveCfg = Debug_Monitor|Any CPU
		{DF144E7C-7975-4FE3-B925-3C2842E407D4}.Debug_Monitor|Any CPU.Build.0 = Debug_Monitor|Any CPU
		{DF144E7C-7975-4FE3-B925-3C2842E407D4}.Debug_No_Monitor|Any CPU.ActiveCfg = Debug_No_Monitor|Any CPU
		{DF144E7C-7975-4FE3-B925-3C2842E407D4}.Debug_No_Monitor|Any CPU.Build.0 = Debug_No_Monitor|Any CPU
		{DF144E7C-7975-4FE3-B925-3C2842E407D4}.Debug|Any CPU.ActiveCfg = Debug|Any CPU
		{DF144E7C-7975-4FE3-B925-3C2842E407D4}.Debug|Any CPU.Build.0 = Debug|Any CPU
		{DF144E7C-7975-4FE3-B925-3C2842E407D4}.Release|Any CPU.ActiveCfg = Release|Any CPU
		{DF144E7C-7975-4FE3-B925-3C2842E407D4}.Release|Any CPU.Build.0 = Release|Any CPU
		{33247B5D-3763-4034-A97C-4C7922B04F9F}.Debug_Monitor|Any CPU.ActiveCfg = Debug|Any CPU
		{33247B5D-3763-4034-A97C-4C7922B04F9F}.Debug_Monitor|Any CPU.Build.0 = Debug|Any CPU
		{33247B5D-3763-4034-A97C-4C7922B04F9F}.Debug_No_Monitor|Any CPU.ActiveCfg = Debug|Any CPU
		{33247B5D-3763-4034-A97C-4C7922B04F9F}.Debug_No_Monitor|Any CPU.Build.0 = Debug|Any CPU
		{33247B5D-3763-4034-A97C-4C7922B04F9F}.Debug|Any CPU.ActiveCfg = Debug|Any CPU
		{33247B5D-3763-4034-A97C-4C7922B04F9F}.Debug|Any CPU.Build.0 = Debug|Any CPU
		{33247B5D-3763-4034-A97C-4C7922B04F9F}.Release|Any CPU.ActiveCfg = Release|Any CPU
		{33247B5D-3763-4034-A97C-4C7922B04F9F}.Release|Any CPU.Build.0 = Release|Any CPU
		{A14D3CF8-670B-47B2-BD4A-9B14F87A032E}.Debug_Monitor|Any CPU.ActiveCfg = Debug|Any CPU
		{A14D3CF8-670B-47B2-BD4A-9B14F87A032E}.Debug_Monitor|Any CPU.Build.0 = Debug|Any CPU
		{A14D3CF8-670B-47B2-BD4A-9B14F87A032E}.Debug_No_Monitor|Any CPU.ActiveCfg = Debug|Any CPU
		{A14D3CF8-670B-47B2-BD4A-9B14F87A032E}.Debug_No_Monitor|Any CPU.Build.0 = Debug|Any CPU
		{A14D3CF8-670B-47B2-BD4A-9B14F87A032E}.Debug|Any CPU.ActiveCfg = Debug|Any CPU
		{A14D3CF8-670B-47B2-BD4A-9B14F87A032E}.Debug|Any CPU.Build.0 = Debug|Any CPU
		{A14D3CF8-670B-47B2-BD4A-9B14F87A032E}.Release|Any CPU.ActiveCfg = Release|Any CPU
		{A14D3CF8-670B-47B2-BD4A-9B14F87A032E}.Release|Any CPU.Build.0 = Release|Any CPU
		{60422AEB-3748-4B0F-928E-689B1378A5EE}.Debug_Monitor|Any CPU.ActiveCfg = Debug|Any CPU
		{60422AEB-3748-4B0F-928E-689B1378A5EE}.Debug_Monitor|Any CPU.Build.0 = Debug|Any CPU
		{60422AEB-3748-4B0F-928E-689B1378A5EE}.Debug_No_Monitor|Any CPU.ActiveCfg = Debug|Any CPU
		{60422AEB-3748-4B0F-928E-689B1378A5EE}.Debug_No_Monitor|Any CPU.Build.0 = Debug|Any CPU
		{60422AEB-3748-4B0F-928E-689B1378A5EE}.Debug|Any CPU.ActiveCfg = Debug|Any CPU
		{60422AEB-3748-4B0F-928E-689B1378A5EE}.Debug|Any CPU.Build.0 = Debug|Any CPU
		{60422AEB-3748-4B0F-928E-689B1378A5EE}.Release|Any CPU.ActiveCfg = Release|Any CPU
		{60422AEB-3748-4B0F-928E-689B1378A5EE}.Release|Any CPU.Build.0 = Release|Any CPU
		{A7C10E0A-C0CC-4CAE-8AD4-3CD9E05528D7}.Debug_Monitor|Any CPU.ActiveCfg = Debug|Any CPU
		{A7C10E0A-C0CC-4CAE-8AD4-3CD9E05528D7}.Debug_Monitor|Any CPU.Build.0 = Debug|Any CPU
		{A7C10E0A-C0CC-4CAE-8AD4-3CD9E05528D7}.Debug_No_Monitor|Any CPU.ActiveCfg = Debug|Any CPU
		{A7C10E0A-C0CC-4CAE-8AD4-3CD9E05528D7}.Debug_No_Monitor|Any CPU.Build.0 = Debug|Any CPU
		{A7C10E0A-C0CC-4CAE-8AD4-3CD9E05528D7}.Debug|Any CPU.ActiveCfg = Debug|Any CPU
		{A7C10E0A-C0CC-4CAE-8AD4-3CD9E05528D7}.Debug|Any CPU.Build.0 = Debug|Any CPU
		{A7C10E0A-C0CC-4CAE-8AD4-3CD9E05528D7}.Release|Any CPU.ActiveCfg = Release|Any CPU
		{A7C10E0A-C0CC-4CAE-8AD4-3CD9E05528D7}.Release|Any CPU.Build.0 = Release|Any CPU
		{41CE643F-8384-4DA5-ACE3-3DB97FFBF4EF}.Debug_Monitor|Any CPU.ActiveCfg = Debug|Any CPU
		{41CE643F-8384-4DA5-ACE3-3DB97FFBF4EF}.Debug_Monitor|Any CPU.Build.0 = Debug|Any CPU
		{41CE643F-8384-4DA5-ACE3-3DB97FFBF4EF}.Debug_No_Monitor|Any CPU.ActiveCfg = Debug|Any CPU
		{41CE643F-8384-4DA5-ACE3-3DB97FFBF4EF}.Debug_No_Monitor|Any CPU.Build.0 = Debug|Any CPU
		{41CE643F-8384-4DA5-ACE3-3DB97FFBF4EF}.Debug|Any CPU.ActiveCfg = Debug|Any CPU
		{41CE643F-8384-4DA5-ACE3-3DB97FFBF4EF}.Debug|Any CPU.Build.0 = Debug|Any CPU
		{41CE643F-8384-4DA5-ACE3-3DB97FFBF4EF}.Release|Any CPU.ActiveCfg = Release|Any CPU
		{41CE643F-8384-4DA5-ACE3-3DB97FFBF4EF}.Release|Any CPU.Build.0 = Release|Any CPU
	EndGlobalSection
	GlobalSection(SolutionProperties) = preSolution
		HideSolutionNode = FALSE
	EndGlobalSection
	GlobalSection(NestedProjects) = preSolution
		{7B5F4E41-2C23-40FE-BF2D-97DD957DA14C} = {3785A7E4-5B35-4DEB-8598-A4941126F9F0}
		{5E743ABF-6E8E-4CE2-87F8-A851DC3F7906} = {3785A7E4-5B35-4DEB-8598-A4941126F9F0}
		{BAE2B28A-93F6-40A9-852C-2BADD360E4FD} = {5E743ABF-6E8E-4CE2-87F8-A851DC3F7906}
		{C8EE2E87-12DD-43E4-BAB0-04E09DE9A651} = {3785A7E4-5B35-4DEB-8598-A4941126F9F0}
		{11C9D72E-FE6A-4186-BDBA-3232DFFB7CF8} = {5E743ABF-6E8E-4CE2-87F8-A851DC3F7906}
		{7B951BC1-B035-41AE-B43A-8DD69ADF51F3} = {5E743ABF-6E8E-4CE2-87F8-A851DC3F7906}
		{D72BA3E3-1055-4602-97DE-8A1C3555CCF7} = {5E743ABF-6E8E-4CE2-87F8-A851DC3F7906}
		{0CDD0798-75A2-400A-ADC1-8C2EDA709F1C} = {7B5F4E41-2C23-40FE-BF2D-97DD957DA14C}
		{E773219C-F1DA-42A3-8E80-68BEDAC3E4F8} = {7B5F4E41-2C23-40FE-BF2D-97DD957DA14C}
		{DF144E7C-7975-4FE3-B925-3C2842E407D4} = {798F44A5-92AA-444E-BD91-8ED2B796F4FC}
		{33247B5D-3763-4034-A97C-4C7922B04F9F} = {798F44A5-92AA-444E-BD91-8ED2B796F4FC}
		{A14D3CF8-670B-47B2-BD4A-9B14F87A032E} = {7B5F4E41-2C23-40FE-BF2D-97DD957DA14C}
		{60422AEB-3748-4B0F-928E-689B1378A5EE} = {798F44A5-92AA-444E-BD91-8ED2B796F4FC}
		{A7C10E0A-C0CC-4CAE-8AD4-3CD9E05528D7} = {798F44A5-92AA-444E-BD91-8ED2B796F4FC}
		{41CE643F-8384-4DA5-ACE3-3DB97FFBF4EF} = {798F44A5-92AA-444E-BD91-8ED2B796F4FC}
	EndGlobalSection
EndGlobal
